
Microsoft Visual Studio Solution File, Format Version 12.00
# Visual Studio 15
VisualStudioVersion = 15.0.28010.2016
MinimumVisualStudioVersion = 10.0.40219.1
Project("{9A19103F-16F7-4668-BE54-9A1E7A4F7556}") = "MiniSocialMedia", "MiniSocialMedia\MiniSocialMedia.csproj", "{886F808E-AAA1-4670-A9AE-6A9DA55EBB78}"
EndProject
Project("{9A19103F-16F7-4668-BE54-9A1E7A4F7556}") = "Domain", "Domain\Domain.csproj", "{969A6625-1C54-45B7-8747-8F92C1D609A0}"
EndProject
Project("{9A19103F-16F7-4668-BE54-9A1E7A4F7556}") = "Business", "Business\Business.csproj", "{B4E55E54-55A6-469B-89D4-AE05C209A9A9}"
EndProject
Global
	GlobalSection(SolutionConfigurationPlatforms) = preSolution
		Debug|Any CPU = Debug|Any CPU
		Release|Any CPU = Release|Any CPU
	EndGlobalSection
	GlobalSection(ProjectConfigurationPlatforms) = postSolution
		{886F808E-AAA1-4670-A9AE-6A9DA55EBB78}.Debug|Any CPU.ActiveCfg = Debug|Any CPU
		{886F808E-AAA1-4670-A9AE-6A9DA55EBB78}.Debug|Any CPU.Build.0 = Debug|Any CPU
		{886F808E-AAA1-4670-A9AE-6A9DA55EBB78}.Release|Any CPU.ActiveCfg = Release|Any CPU
		{886F808E-AAA1-4670-A9AE-6A9DA55EBB78}.Release|Any CPU.Build.0 = Release|Any CPU
		{969A6625-1C54-45B7-8747-8F92C1D609A0}.Debug|Any CPU.ActiveCfg = Debug|Any CPU
		{969A6625-1C54-45B7-8747-8F92C1D609A0}.Debug|Any CPU.Build.0 = Debug|Any CPU
		{969A6625-1C54-45B7-8747-8F92C1D609A0}.Release|Any CPU.ActiveCfg = Release|Any CPU
		{969A6625-1C54-45B7-8747-8F92C1D609A0}.Release|Any CPU.Build.0 = Release|Any CPU
		{B4E55E54-55A6-469B-89D4-AE05C209A9A9}.Debug|Any CPU.ActiveCfg = Debug|Any CPU
		{B4E55E54-55A6-469B-89D4-AE05C209A9A9}.Debug|Any CPU.Build.0 = Debug|Any CPU
		{B4E55E54-55A6-469B-89D4-AE05C209A9A9}.Release|Any CPU.ActiveCfg = Release|Any CPU
		{B4E55E54-55A6-469B-89D4-AE05C209A9A9}.Release|Any CPU.Build.0 = Release|Any CPU
	EndGlobalSection
	GlobalSection(SolutionProperties) = preSolution
		HideSolutionNode = FALSE
	EndGlobalSection
	GlobalSection(ExtensibilityGlobals) = postSolution
		SolutionGuid = {703E80CD-28CF-49C8-9FAA-98CA9D20D179}
	EndGlobalSection
EndGlobal
